
Microsoft Visual Studio Solution File, Format Version 12.00
# Visual Studio Version 17
VisualStudioVersion = 17.1.32414.318
MinimumVisualStudioVersion = 10.0.40219.1
Project("{FAE04EC0-301F-11D3-BF4B-00C04F79EFBC}") = "AnagramChecker", "AnagramChecker.csproj", "{63E08FF2-5381-4038-B485-AA02564146F7}"
EndProject
Global
	GlobalSection(SolutionConfigurationPlatforms) = preSolution
		Debug|Any CPU = Debug|Any CPU
		Release|Any CPU = Release|Any CPU
	EndGlobalSection
	GlobalSection(ProjectConfigurationPlatforms) = postSolution
		{63E08FF2-5381-4038-B485-AA02564146F7}.Debug|Any CPU.ActiveCfg = Debug|Any CPU
		{63E08FF2-5381-4038-B485-AA02564146F7}.Debug|Any CPU.Build.0 = Debug|Any CPU
		{63E08FF2-5381-4038-B485-AA02564146F7}.Release|Any CPU.ActiveCfg = Release|Any CPU
		{63E08FF2-5381-4038-B485-AA02564146F7}.Release|Any CPU.Build.0 = Release|Any CPU
	EndGlobalSection
	GlobalSection(SolutionProperties) = preSolution
		HideSolutionNode = FALSE
	EndGlobalSection
	GlobalSection(ExtensibilityGlobals) = postSolution
		SolutionGuid = {ED214B43-4AF8-440D-B584-1AAE1F921C4C}
	EndGlobalSection
EndGlobal
