
Microsoft Visual Studio Solution File, Format Version 12.00
# Visual Studio Version 16
VisualStudioVersion = 16.0.31205.134
MinimumVisualStudioVersion = 10.0.40219.1
Project("{FAE04EC0-301F-11D3-BF4B-00C04F79EFBC}") = "Tic-Tac-Toe Checker", "Tic-Tac-Toe Checker.csproj", "{3CFCCADC-CAC1-4968-A4E9-A1CACC3D5B72}"
EndProject
Global
	GlobalSection(SolutionConfigurationPlatforms) = preSolution
		Debug|Any CPU = Debug|Any CPU
		Release|Any CPU = Release|Any CPU
	EndGlobalSection
	GlobalSection(ProjectConfigurationPlatforms) = postSolution
		{3CFCCADC-CAC1-4968-A4E9-A1CACC3D5B72}.Debug|Any CPU.ActiveCfg = Debug|Any CPU
		{3CFCCADC-CAC1-4968-A4E9-A1CACC3D5B72}.Debug|Any CPU.Build.0 = Debug|Any CPU
		{3CFCCADC-CAC1-4968-A4E9-A1CACC3D5B72}.Release|Any CPU.ActiveCfg = Release|Any CPU
		{3CFCCADC-CAC1-4968-A4E9-A1CACC3D5B72}.Release|Any CPU.Build.0 = Release|Any CPU
	EndGlobalSection
	GlobalSection(SolutionProperties) = preSolution
		HideSolutionNode = FALSE
	EndGlobalSection
	GlobalSection(ExtensibilityGlobals) = postSolution
		SolutionGuid = {E5580597-DBC5-4C8A-BEF7-19D629A08080}
	EndGlobalSection
EndGlobal
