
Microsoft Visual Studio Solution File, Format Version 12.00
# Visual Studio Version 16
VisualStudioVersion = 16.0.31313.79
MinimumVisualStudioVersion = 10.0.40219.1
Project("{FAE04EC0-301F-11D3-BF4B-00C04F79EFBC}") = "Snail", "Snail.csproj", "{1A13D743-ED8B-4A34-B9D8-CF1A4B7BB27E}"
EndProject
Project("{FAE04EC0-301F-11D3-BF4B-00C04F79EFBC}") = "Practice", "..\Practice\Practice.csproj", "{F3EB5001-2AF5-436F-A851-29549D0A283C}"
EndProject
Global
	GlobalSection(SolutionConfigurationPlatforms) = preSolution
		Debug|Any CPU = Debug|Any CPU
		Release|Any CPU = Release|Any CPU
	EndGlobalSection
	GlobalSection(ProjectConfigurationPlatforms) = postSolution
		{1A13D743-ED8B-4A34-B9D8-CF1A4B7BB27E}.Debug|Any CPU.ActiveCfg = Debug|Any CPU
		{1A13D743-ED8B-4A34-B9D8-CF1A4B7BB27E}.Debug|Any CPU.Build.0 = Debug|Any CPU
		{1A13D743-ED8B-4A34-B9D8-CF1A4B7BB27E}.Release|Any CPU.ActiveCfg = Release|Any CPU
		{1A13D743-ED8B-4A34-B9D8-CF1A4B7BB27E}.Release|Any CPU.Build.0 = Release|Any CPU
		{F3EB5001-2AF5-436F-A851-29549D0A283C}.Debug|Any CPU.ActiveCfg = Debug|Any CPU
		{F3EB5001-2AF5-436F-A851-29549D0A283C}.Debug|Any CPU.Build.0 = Debug|Any CPU
		{F3EB5001-2AF5-436F-A851-29549D0A283C}.Release|Any CPU.ActiveCfg = Release|Any CPU
		{F3EB5001-2AF5-436F-A851-29549D0A283C}.Release|Any CPU.Build.0 = Release|Any CPU
	EndGlobalSection
	GlobalSection(SolutionProperties) = preSolution
		HideSolutionNode = FALSE
	EndGlobalSection
	GlobalSection(ExtensibilityGlobals) = postSolution
		SolutionGuid = {3FAA7C22-0EFA-46F2-B97E-69A19573BD0E}
	EndGlobalSection
EndGlobal
