
Microsoft Visual Studio Solution File, Format Version 12.00
# Visual Studio Version 16
VisualStudioVersion = 16.0.31313.79
MinimumVisualStudioVersion = 10.0.40219.1
Project("{FAE04EC0-301F-11D3-BF4B-00C04F79EFBC}") = "Binary Search Tree from scratch", "Binary Search Tree from scratch.csproj", "{37441FE0-317E-4D0C-9C0F-FCFE0DBB0110}"
EndProject
Global
	GlobalSection(SolutionConfigurationPlatforms) = preSolution
		Debug|Any CPU = Debug|Any CPU
		Release|Any CPU = Release|Any CPU
	EndGlobalSection
	GlobalSection(ProjectConfigurationPlatforms) = postSolution
		{37441FE0-317E-4D0C-9C0F-FCFE0DBB0110}.Debug|Any CPU.ActiveCfg = Debug|Any CPU
		{37441FE0-317E-4D0C-9C0F-FCFE0DBB0110}.Debug|Any CPU.Build.0 = Debug|Any CPU
		{37441FE0-317E-4D0C-9C0F-FCFE0DBB0110}.Release|Any CPU.ActiveCfg = Release|Any CPU
		{37441FE0-317E-4D0C-9C0F-FCFE0DBB0110}.Release|Any CPU.Build.0 = Release|Any CPU
	EndGlobalSection
	GlobalSection(SolutionProperties) = preSolution
		HideSolutionNode = FALSE
	EndGlobalSection
	GlobalSection(ExtensibilityGlobals) = postSolution
		SolutionGuid = {CED3E7E7-1088-497F-AD33-D81FB75E942D}
	EndGlobalSection
EndGlobal
