
Microsoft Visual Studio Solution File, Format Version 12.00
# Visual Studio Version 16
VisualStudioVersion = 16.0.31205.134
MinimumVisualStudioVersion = 10.0.40219.1
Project("{FAE04EC0-301F-11D3-BF4B-00C04F79EFBC}") = "WhoLikesIt", "WhoLikesIt.csproj", "{1A0F8AED-26A7-41B1-8191-73BFF424DA5D}"
EndProject
Global
	GlobalSection(SolutionConfigurationPlatforms) = preSolution
		Debug|Any CPU = Debug|Any CPU
		Release|Any CPU = Release|Any CPU
	EndGlobalSection
	GlobalSection(ProjectConfigurationPlatforms) = postSolution
		{1A0F8AED-26A7-41B1-8191-73BFF424DA5D}.Debug|Any CPU.ActiveCfg = Debug|Any CPU
		{1A0F8AED-26A7-41B1-8191-73BFF424DA5D}.Debug|Any CPU.Build.0 = Debug|Any CPU
		{1A0F8AED-26A7-41B1-8191-73BFF424DA5D}.Release|Any CPU.ActiveCfg = Release|Any CPU
		{1A0F8AED-26A7-41B1-8191-73BFF424DA5D}.Release|Any CPU.Build.0 = Release|Any CPU
	EndGlobalSection
	GlobalSection(SolutionProperties) = preSolution
		HideSolutionNode = FALSE
	EndGlobalSection
	GlobalSection(ExtensibilityGlobals) = postSolution
		SolutionGuid = {45B0A0B2-E3FF-40A9-B658-2CEDF8BAEAE7}
	EndGlobalSection
EndGlobal
