
Microsoft Visual Studio Solution File, Format Version 12.00
# Visual Studio Version 16
VisualStudioVersion = 16.0.31313.79
MinimumVisualStudioVersion = 10.0.40219.1
Project("{FAE04EC0-301F-11D3-BF4B-00C04F79EFBC}") = "Stack from arrays", "Stack from arrays.csproj", "{2CFB8FF4-2906-44FA-8E4B-F719A87100D0}"
EndProject
Global
	GlobalSection(SolutionConfigurationPlatforms) = preSolution
		Debug|Any CPU = Debug|Any CPU
		Release|Any CPU = Release|Any CPU
	EndGlobalSection
	GlobalSection(ProjectConfigurationPlatforms) = postSolution
		{2CFB8FF4-2906-44FA-8E4B-F719A87100D0}.Debug|Any CPU.ActiveCfg = Debug|Any CPU
		{2CFB8FF4-2906-44FA-8E4B-F719A87100D0}.Debug|Any CPU.Build.0 = Debug|Any CPU
		{2CFB8FF4-2906-44FA-8E4B-F719A87100D0}.Release|Any CPU.ActiveCfg = Release|Any CPU
		{2CFB8FF4-2906-44FA-8E4B-F719A87100D0}.Release|Any CPU.Build.0 = Release|Any CPU
	EndGlobalSection
	GlobalSection(SolutionProperties) = preSolution
		HideSolutionNode = FALSE
	EndGlobalSection
	GlobalSection(ExtensibilityGlobals) = postSolution
		SolutionGuid = {0FDD2156-7634-445B-B2D8-0F7690195AFF}
	EndGlobalSection
EndGlobal
