
Microsoft Visual Studio Solution File, Format Version 12.00
# Visual Studio Version 16
VisualStudioVersion = 16.0.31313.79
MinimumVisualStudioVersion = 10.0.40219.1
Project("{FAE04EC0-301F-11D3-BF4B-00C04F79EFBC}") = "Sheet for Practice", "Sheet for Practice.csproj", "{A16ACD84-F1CD-46CE-9AEE-6E1B90ADF9EA}"
EndProject
Global
	GlobalSection(SolutionConfigurationPlatforms) = preSolution
		Debug|Any CPU = Debug|Any CPU
		Release|Any CPU = Release|Any CPU
	EndGlobalSection
	GlobalSection(ProjectConfigurationPlatforms) = postSolution
		{A16ACD84-F1CD-46CE-9AEE-6E1B90ADF9EA}.Debug|Any CPU.ActiveCfg = Debug|Any CPU
		{A16ACD84-F1CD-46CE-9AEE-6E1B90ADF9EA}.Debug|Any CPU.Build.0 = Debug|Any CPU
		{A16ACD84-F1CD-46CE-9AEE-6E1B90ADF9EA}.Release|Any CPU.ActiveCfg = Release|Any CPU
		{A16ACD84-F1CD-46CE-9AEE-6E1B90ADF9EA}.Release|Any CPU.Build.0 = Release|Any CPU
	EndGlobalSection
	GlobalSection(SolutionProperties) = preSolution
		HideSolutionNode = FALSE
	EndGlobalSection
	GlobalSection(ExtensibilityGlobals) = postSolution
		SolutionGuid = {4EED850E-07E7-410F-8614-D99C5C81DF7D}
	EndGlobalSection
EndGlobal
