
Microsoft Visual Studio Solution File, Format Version 12.00
# Visual Studio Version 16
VisualStudioVersion = 16.0.31313.79
MinimumVisualStudioVersion = 10.0.40219.1
Project("{FAE04EC0-301F-11D3-BF4B-00C04F79EFBC}") = "Stacks with LinkedList", "Stacks with LinkedList.csproj", "{2564C8C1-6B3B-4D37-AFF4-1A195743B388}"
EndProject
Global
	GlobalSection(SolutionConfigurationPlatforms) = preSolution
		Debug|Any CPU = Debug|Any CPU
		Release|Any CPU = Release|Any CPU
	EndGlobalSection
	GlobalSection(ProjectConfigurationPlatforms) = postSolution
		{2564C8C1-6B3B-4D37-AFF4-1A195743B388}.Debug|Any CPU.ActiveCfg = Debug|Any CPU
		{2564C8C1-6B3B-4D37-AFF4-1A195743B388}.Debug|Any CPU.Build.0 = Debug|Any CPU
		{2564C8C1-6B3B-4D37-AFF4-1A195743B388}.Release|Any CPU.ActiveCfg = Release|Any CPU
		{2564C8C1-6B3B-4D37-AFF4-1A195743B388}.Release|Any CPU.Build.0 = Release|Any CPU
	EndGlobalSection
	GlobalSection(SolutionProperties) = preSolution
		HideSolutionNode = FALSE
	EndGlobalSection
	GlobalSection(ExtensibilityGlobals) = postSolution
		SolutionGuid = {BCF4A360-73A6-49FD-94D6-DB0FC60D2130}
	EndGlobalSection
EndGlobal
