
Microsoft Visual Studio Solution File, Format Version 12.00
# Visual Studio Version 16
VisualStudioVersion = 16.0.31229.75
MinimumVisualStudioVersion = 10.0.40219.1
Project("{FAE04EC0-301F-11D3-BF4B-00C04F79EFBC}") = "Count Negative Numbers in a Sorted Matrix", "Count Negative Numbers in a Sorted Matrix.csproj", "{E0C4DF9B-F6AF-478F-A0C4-0684BDD8A6E9}"
EndProject
Global
	GlobalSection(SolutionConfigurationPlatforms) = preSolution
		Debug|Any CPU = Debug|Any CPU
		Release|Any CPU = Release|Any CPU
	EndGlobalSection
	GlobalSection(ProjectConfigurationPlatforms) = postSolution
		{E0C4DF9B-F6AF-478F-A0C4-0684BDD8A6E9}.Debug|Any CPU.ActiveCfg = Debug|Any CPU
		{E0C4DF9B-F6AF-478F-A0C4-0684BDD8A6E9}.Debug|Any CPU.Build.0 = Debug|Any CPU
		{E0C4DF9B-F6AF-478F-A0C4-0684BDD8A6E9}.Release|Any CPU.ActiveCfg = Release|Any CPU
		{E0C4DF9B-F6AF-478F-A0C4-0684BDD8A6E9}.Release|Any CPU.Build.0 = Release|Any CPU
	EndGlobalSection
	GlobalSection(SolutionProperties) = preSolution
		HideSolutionNode = FALSE
	EndGlobalSection
	GlobalSection(ExtensibilityGlobals) = postSolution
		SolutionGuid = {746BBF06-AD83-4353-923D-204E94811C00}
	EndGlobalSection
EndGlobal
