
Microsoft Visual Studio Solution File, Format Version 12.00
# Visual Studio Version 16
VisualStudioVersion = 16.0.31424.327
MinimumVisualStudioVersion = 10.0.40219.1
Project("{FAE04EC0-301F-11D3-BF4B-00C04F79EFBC}") = "Is Room Reserved", "Is Room Reserved.csproj", "{A63C82CE-1001-4523-BE7F-E92C18839A4E}"
EndProject
Global
	GlobalSection(SolutionConfigurationPlatforms) = preSolution
		Debug|Any CPU = Debug|Any CPU
		Release|Any CPU = Release|Any CPU
	EndGlobalSection
	GlobalSection(ProjectConfigurationPlatforms) = postSolution
		{A63C82CE-1001-4523-BE7F-E92C18839A4E}.Debug|Any CPU.ActiveCfg = Debug|Any CPU
		{A63C82CE-1001-4523-BE7F-E92C18839A4E}.Debug|Any CPU.Build.0 = Debug|Any CPU
		{A63C82CE-1001-4523-BE7F-E92C18839A4E}.Release|Any CPU.ActiveCfg = Release|Any CPU
		{A63C82CE-1001-4523-BE7F-E92C18839A4E}.Release|Any CPU.Build.0 = Release|Any CPU
	EndGlobalSection
	GlobalSection(SolutionProperties) = preSolution
		HideSolutionNode = FALSE
	EndGlobalSection
	GlobalSection(ExtensibilityGlobals) = postSolution
		SolutionGuid = {E8DA7BB7-23DB-475F-AEC0-447E5871DECC}
	EndGlobalSection
EndGlobal
